
Microsoft Visual Studio Solution File, Format Version 12.00
# Visual Studio Version 16
VisualStudioVersion = 16.0.32228.343
MinimumVisualStudioVersion = 10.0.40219.1
Project("{FAE04EC0-301F-11D3-BF4B-00C04F79EFBC}") = "fileSystem", "fileSystem.csproj", "{354F1D55-6F14-4EFA-A313-1CF689DF02A5}"
EndProject
Global
	GlobalSection(SolutionConfigurationPlatforms) = preSolution
		Debug|Any CPU = Debug|Any CPU
		Release|Any CPU = Release|Any CPU
	EndGlobalSection
	GlobalSection(ProjectConfigurationPlatforms) = postSolution
		{354F1D55-6F14-4EFA-A313-1CF689DF02A5}.Debug|Any CPU.ActiveCfg = Debug|Any CPU
		{354F1D55-6F14-4EFA-A313-1CF689DF02A5}.Debug|Any CPU.Build.0 = Debug|Any CPU
		{354F1D55-6F14-4EFA-A313-1CF689DF02A5}.Release|Any CPU.ActiveCfg = Release|Any CPU
		{354F1D55-6F14-4EFA-A313-1CF689DF02A5}.Release|Any CPU.Build.0 = Release|Any CPU
	EndGlobalSection
	GlobalSection(SolutionProperties) = preSolution
		HideSolutionNode = FALSE
	EndGlobalSection
	GlobalSection(ExtensibilityGlobals) = postSolution
		SolutionGuid = {F4E219AC-7718-43FF-81EB-9C4AF3E17C74}
	EndGlobalSection
EndGlobal
